<?xml version="1.0" encoding="utf-8"?>
<Project ToolsVersion="4.0" xmlns="http://schemas.microsoft.com/developer/msbuild/2003">
  <ItemGroup>
    <Filter Include="src">
      <UniqueIdentifier>{27f19974-5225-4bbb-a167-8b094072232a}</UniqueIdentifier>
    </Filter>
    <Filter Include="src\ospf">
      <UniqueIdentifier>{e8106ca2-093f-4e99-9a3a-8a83c0b3ee10}</UniqueIdentifier>
    </Filter>
    <Filter Include="src\ospf\math">
      <UniqueIdentifier>{9cc4fa94-eb2b-46ca-93d4-0b815f45b2d4}</UniqueIdentifier>
    </Filter>
    <Filter Include="src\ospf\math\algebra">
      <UniqueIdentifier>{c80bc4c8-5e2d-41e0-8418-1a8e1603f5a6}</UniqueIdentifier>
    </Filter>
    <Filter Include="src\ospf\math\algebra\concept">
      <UniqueIdentifier>{29ed3657-f542-4ec4-8982-152611a1e614}</UniqueIdentifier>
    </Filter>
  </ItemGroup>
  <ItemGroup>
    <ClInclude Include="src\ospf\math\algebra\concept\arithmetic.hpp">
      <Filter>src\ospf\math\algebra\concept</Filter>
    </ClInclude>
  </ItemGroup>
</Project>